
Microsoft Visual Studio Solution File, Format Version 12.00
# Visual Studio 15
VisualStudioVersion = 15.0.26124.0
MinimumVisualStudioVersion = 15.0.26124.0
Project("{FAE04EC0-301F-11D3-BF4B-00C04F79EFBC}") = "QuickBuy.Dominio", "QuickBuy.Dominio\QuickBuy.Dominio.csproj", "{76952C3A-3EA8-4080-A2A6-63FB93C525CA}"
EndProject
Project("{FAE04EC0-301F-11D3-BF4B-00C04F79EFBC}") = "QuickBuy.Repositorio", "QuickBuy.Repositorio\QuickBuy.Repositorio.csproj", "{FBA83D15-4545-4F6F-86A4-A77848904503}"
EndProject
Project("{FAE04EC0-301F-11D3-BF4B-00C04F79EFBC}") = "QuickBuy.Web", "QuickBuy.Web\QuickBuy.Web.csproj", "{1C1188E3-B650-4896-A102-F7FFC51323D6}"
EndProject
Global
	GlobalSection(SolutionConfigurationPlatforms) = preSolution
		Debug|Any CPU = Debug|Any CPU
		Debug|x64 = Debug|x64
		Debug|x86 = Debug|x86
		Release|Any CPU = Release|Any CPU
		Release|x64 = Release|x64
		Release|x86 = Release|x86
	EndGlobalSection
	GlobalSection(SolutionProperties) = preSolution
		HideSolutionNode = FALSE
	EndGlobalSection
	GlobalSection(ProjectConfigurationPlatforms) = postSolution
		{76952C3A-3EA8-4080-A2A6-63FB93C525CA}.Debug|Any CPU.ActiveCfg = Debug|Any CPU
		{76952C3A-3EA8-4080-A2A6-63FB93C525CA}.Debug|Any CPU.Build.0 = Debug|Any CPU
		{76952C3A-3EA8-4080-A2A6-63FB93C525CA}.Debug|x64.ActiveCfg = Debug|Any CPU
		{76952C3A-3EA8-4080-A2A6-63FB93C525CA}.Debug|x64.Build.0 = Debug|Any CPU
		{76952C3A-3EA8-4080-A2A6-63FB93C525CA}.Debug|x86.ActiveCfg = Debug|Any CPU
		{76952C3A-3EA8-4080-A2A6-63FB93C525CA}.Debug|x86.Build.0 = Debug|Any CPU
		{76952C3A-3EA8-4080-A2A6-63FB93C525CA}.Release|Any CPU.ActiveCfg = Release|Any CPU
		{76952C3A-3EA8-4080-A2A6-63FB93C525CA}.Release|Any CPU.Build.0 = Release|Any CPU
		{76952C3A-3EA8-4080-A2A6-63FB93C525CA}.Release|x64.ActiveCfg = Release|Any CPU
		{76952C3A-3EA8-4080-A2A6-63FB93C525CA}.Release|x64.Build.0 = Release|Any CPU
		{76952C3A-3EA8-4080-A2A6-63FB93C525CA}.Release|x86.ActiveCfg = Release|Any CPU
		{76952C3A-3EA8-4080-A2A6-63FB93C525CA}.Release|x86.Build.0 = Release|Any CPU
		{FBA83D15-4545-4F6F-86A4-A77848904503}.Debug|Any CPU.ActiveCfg = Debug|Any CPU
		{FBA83D15-4545-4F6F-86A4-A77848904503}.Debug|Any CPU.Build.0 = Debug|Any CPU
		{FBA83D15-4545-4F6F-86A4-A77848904503}.Debug|x64.ActiveCfg = Debug|Any CPU
		{FBA83D15-4545-4F6F-86A4-A77848904503}.Debug|x64.Build.0 = Debug|Any CPU
		{FBA83D15-4545-4F6F-86A4-A77848904503}.Debug|x86.ActiveCfg = Debug|Any CPU
		{FBA83D15-4545-4F6F-86A4-A77848904503}.Debug|x86.Build.0 = Debug|Any CPU
		{FBA83D15-4545-4F6F-86A4-A77848904503}.Release|Any CPU.ActiveCfg = Release|Any CPU
		{FBA83D15-4545-4F6F-86A4-A77848904503}.Release|Any CPU.Build.0 = Release|Any CPU
		{FBA83D15-4545-4F6F-86A4-A77848904503}.Release|x64.ActiveCfg = Release|Any CPU
		{FBA83D15-4545-4F6F-86A4-A77848904503}.Release|x64.Build.0 = Release|Any CPU
		{FBA83D15-4545-4F6F-86A4-A77848904503}.Release|x86.ActiveCfg = Release|Any CPU
		{FBA83D15-4545-4F6F-86A4-A77848904503}.Release|x86.Build.0 = Release|Any CPU
		{1C1188E3-B650-4896-A102-F7FFC51323D6}.Debug|Any CPU.ActiveCfg = Debug|Any CPU
		{1C1188E3-B650-4896-A102-F7FFC51323D6}.Debug|Any CPU.Build.0 = Debug|Any CPU
		{1C1188E3-B650-4896-A102-F7FFC51323D6}.Debug|x64.ActiveCfg = Debug|Any CPU
		{1C1188E3-B650-4896-A102-F7FFC51323D6}.Debug|x64.Build.0 = Debug|Any CPU
		{1C1188E3-B650-4896-A102-F7FFC51323D6}.Debug|x86.ActiveCfg = Debug|Any CPU
		{1C1188E3-B650-4896-A102-F7FFC51323D6}.Debug|x86.Build.0 = Debug|Any CPU
		{1C1188E3-B650-4896-A102-F7FFC51323D6}.Release|Any CPU.ActiveCfg = Release|Any CPU
		{1C1188E3-B650-4896-A102-F7FFC51323D6}.Release|Any CPU.Build.0 = Release|Any CPU
		{1C1188E3-B650-4896-A102-F7FFC51323D6}.Release|x64.ActiveCfg = Release|Any CPU
		{1C1188E3-B650-4896-A102-F7FFC51323D6}.Release|x64.Build.0 = Release|Any CPU
		{1C1188E3-B650-4896-A102-F7FFC51323D6}.Release|x86.ActiveCfg = Release|Any CPU
		{1C1188E3-B650-4896-A102-F7FFC51323D6}.Release|x86.Build.0 = Release|Any CPU
	EndGlobalSection
EndGlobal
